
Microsoft Visual Studio Solution File, Format Version 12.00
# Visual Studio Version 16
VisualStudioVersion = 16.0.31112.23
MinimumVisualStudioVersion = 10.0.40219.1
Project("{8BC9CEB8-8B4A-11D0-8D11-00A0C91BC942}") = "ProjectEuler", "ProjectEuler.vcxproj", "{7DD36213-B6EC-44C9-A756-BADB30F60893}"
EndProject
Project("{8BC9CEB8-8B4A-11D0-8D11-00A0C91BC942}") = "Problem16_PowerDigitSum", "Problem16_PowerDigitSum\Problem16_PowerDigitSum.vcxproj", "{AD0E4E69-65CA-4D62-828D-61E57A02004A}"
EndProject
Project("{8BC9CEB8-8B4A-11D0-8D11-00A0C91BC942}") = "Problem1_Multiples_3_and_5", "Problem1_Multiples_3_and_5\Problem1_Multiples_3_and_5.vcxproj", "{1296A528-5CB1-4C59-BF82-9B90940ED8B2}"
EndProject
Global
	GlobalSection(SolutionConfigurationPlatforms) = preSolution
		Debug|x64 = Debug|x64
		Debug|x86 = Debug|x86
		Release|x64 = Release|x64
		Release|x86 = Release|x86
	EndGlobalSection
	GlobalSection(ProjectConfigurationPlatforms) = postSolution
		{7DD36213-B6EC-44C9-A756-BADB30F60893}.Debug|x64.ActiveCfg = Debug|x64
		{7DD36213-B6EC-44C9-A756-BADB30F60893}.Debug|x64.Build.0 = Debug|x64
		{7DD36213-B6EC-44C9-A756-BADB30F60893}.Debug|x86.ActiveCfg = Debug|Win32
		{7DD36213-B6EC-44C9-A756-BADB30F60893}.Debug|x86.Build.0 = Debug|Win32
		{7DD36213-B6EC-44C9-A756-BADB30F60893}.Release|x64.ActiveCfg = Release|x64
		{7DD36213-B6EC-44C9-A756-BADB30F60893}.Release|x64.Build.0 = Release|x64
		{7DD36213-B6EC-44C9-A756-BADB30F60893}.Release|x86.ActiveCfg = Release|Win32
		{7DD36213-B6EC-44C9-A756-BADB30F60893}.Release|x86.Build.0 = Release|Win32
		{AD0E4E69-65CA-4D62-828D-61E57A02004A}.Debug|x64.ActiveCfg = Debug|x64
		{AD0E4E69-65CA-4D62-828D-61E57A02004A}.Debug|x64.Build.0 = Debug|x64
		{AD0E4E69-65CA-4D62-828D-61E57A02004A}.Debug|x86.ActiveCfg = Debug|Win32
		{AD0E4E69-65CA-4D62-828D-61E57A02004A}.Debug|x86.Build.0 = Debug|Win32
		{AD0E4E69-65CA-4D62-828D-61E57A02004A}.Release|x64.ActiveCfg = Release|x64
		{AD0E4E69-65CA-4D62-828D-61E57A02004A}.Release|x64.Build.0 = Release|x64
		{AD0E4E69-65CA-4D62-828D-61E57A02004A}.Release|x86.ActiveCfg = Release|Win32
		{AD0E4E69-65CA-4D62-828D-61E57A02004A}.Release|x86.Build.0 = Release|Win32
		{1296A528-5CB1-4C59-BF82-9B90940ED8B2}.Debug|x64.ActiveCfg = Debug|x64
		{1296A528-5CB1-4C59-BF82-9B90940ED8B2}.Debug|x64.Build.0 = Debug|x64
		{1296A528-5CB1-4C59-BF82-9B90940ED8B2}.Debug|x86.ActiveCfg = Debug|Win32
		{1296A528-5CB1-4C59-BF82-9B90940ED8B2}.Debug|x86.Build.0 = Debug|Win32
		{1296A528-5CB1-4C59-BF82-9B90940ED8B2}.Release|x64.ActiveCfg = Release|x64
		{1296A528-5CB1-4C59-BF82-9B90940ED8B2}.Release|x64.Build.0 = Release|x64
		{1296A528-5CB1-4C59-BF82-9B90940ED8B2}.Release|x86.ActiveCfg = Release|Win32
		{1296A528-5CB1-4C59-BF82-9B90940ED8B2}.Release|x86.Build.0 = Release|Win32
	EndGlobalSection
	GlobalSection(SolutionProperties) = preSolution
		HideSolutionNode = FALSE
	EndGlobalSection
	GlobalSection(ExtensibilityGlobals) = postSolution
		SolutionGuid = {18E22C26-C163-4848-8AAE-1BBFF6A20558}
	EndGlobalSection
EndGlobal
