
Microsoft Visual Studio Solution File, Format Version 12.00
# Visual Studio Version 16
VisualStudioVersion = 16.0.31112.23
MinimumVisualStudioVersion = 10.0.40219.1
Project("{8BC9CEB8-8B4A-11D0-8D11-00A0C91BC942}") = "ProjectEuler", "ProjectEuler.vcxproj", "{7DD36213-B6EC-44C9-A756-BADB30F60893}"
EndProject
Project("{8BC9CEB8-8B4A-11D0-8D11-00A0C91BC942}") = "Problem16_PowerDigitSum", "Problem16_PowerDigitSum\Problem16_PowerDigitSum.vcxproj", "{AD0E4E69-65CA-4D62-828D-61E57A02004A}"
EndProject
Project("{8BC9CEB8-8B4A-11D0-8D11-00A0C91BC942}") = "Problem1_Multiples_3_and_5", "Problem1_Multiples_3_and_5\Problem1_Multiples_3_and_5.vcxproj", "{1296A528-5CB1-4C59-BF82-9B90940ED8B2}"
EndProject
Project("{8BC9CEB8-8B4A-11D0-8D11-00A0C91BC942}") = "Problem2_Fibonacci_EvenSum", "Problem2_Fibonacci_EvenSum\Problem2_Fibonacci_EvenSum.vcxproj", "{C272A7BE-C8B8-414E-9CE3-6DC85EC49984}"
EndProject
Project("{8BC9CEB8-8B4A-11D0-8D11-00A0C91BC942}") = "Problem4_LargestPalindromeProduct_3_digit", "Problem4_LargestPalindromeProduct_3_digit\Problem4_LargestPalindromeProduct_3_digit.vcxproj", "{A7E9E3F6-8889-442F-B7B6-CC4C0F579B4B}"
EndProject
Project("{8BC9CEB8-8B4A-11D0-8D11-00A0C91BC942}") = "Problem5_SmallestMultiple_1_20", "Problem5_SmallestMultiple_1_20\Problem5_SmallestMultiple_1_20.vcxproj", "{133BE478-9EC8-4A48-8566-6FBCCEAF6F50}"
EndProject
Project("{8BC9CEB8-8B4A-11D0-8D11-00A0C91BC942}") = "Problem6_SumSquareDiff", "Problem6_SumSquareDiff\Problem6_SumSquareDiff.vcxproj", "{3CB43678-45F5-4BA8-9E6B-952635CDEA86}"
EndProject
Project("{8BC9CEB8-8B4A-11D0-8D11-00A0C91BC942}") = "Problem9_SpecialPythagTriplet", "Problem9_SpecialPythagTriplet\Problem9_SpecialPythagTriplet.vcxproj", "{6583ABF9-15E9-4068-A71A-D65DE48DDE61}"
EndProject
Project("{8BC9CEB8-8B4A-11D0-8D11-00A0C91BC942}") = "Problem12_HighlyDivisibleTriangularNumber", "Problem12_HighlyDivisibleTriangularNumber\Problem12_HighlyDivisibleTriangularNumber.vcxproj", "{22D1219B-A37A-46AF-B8E5-291AE383A935}"
EndProject
Project("{8BC9CEB8-8B4A-11D0-8D11-00A0C91BC942}") = "Problem14_LongestCollatzSequence", "Problem14_LongestCollatzSequence\Problem14_LongestCollatzSequence.vcxproj", "{0A6DB070-3089-4221-82FE-A015034906E8}"
EndProject
Project("{8BC9CEB8-8B4A-11D0-8D11-00A0C91BC942}") = "Problem757_StealthNum", "Problem757_StealthNum\Problem757_StealthNum.vcxproj", "{5FFA0002-8F32-47C3-A467-CEE6058E6A1B}"
EndProject
Project("{8BC9CEB8-8B4A-11D0-8D11-00A0C91BC942}") = "Problem15_LatticePaths", "Problem15_LatticePaths\Problem15_LatticePaths.vcxproj", "{A925CC0C-0B1C-469B-B17E-B6EB962DD560}"
EndProject
Project("{8BC9CEB8-8B4A-11D0-8D11-00A0C91BC942}") = "Problem24_LexicographicPermutations", "Problem24_LexicographicPermutations\Problem24_LexicographicPermutations.vcxproj", "{1444401E-AE6C-4E5F-A567-D7D677E88624}"
EndProject
Project("{8BC9CEB8-8B4A-11D0-8D11-00A0C91BC942}") = "Problem21_AmicableNumbers", "Problem21_AmicableNumbers\Problem21_AmicableNumbers.vcxproj", "{3B8D10C9-D5DB-443A-8EF8-634D5C4D351D}"
EndProject
Project("{8BC9CEB8-8B4A-11D0-8D11-00A0C91BC942}") = "Problem29_DistinctPowers", "Problem29_DistinctPowers\Problem29_DistinctPowers.vcxproj", "{7D771693-99A8-4EBC-87D8-7DBDC55B7794}"
EndProject
Project("{8BC9CEB8-8B4A-11D0-8D11-00A0C91BC942}") = "Problem31_CoinSums", "Problem31_CoinSums\Problem31_CoinSums.vcxproj", "{0347F7A9-4113-496C-9D6E-406699126D70}"
EndProject
Project("{8BC9CEB8-8B4A-11D0-8D11-00A0C91BC942}") = "Problem44_PentagonNumbers", "Problem44_PentagonNumbers\Problem44_PentagonNumbers.vcxproj", "{170DD054-DD4D-47CD-A72E-BC30E5FC9F43}"
EndProject
Project("{8BC9CEB8-8B4A-11D0-8D11-00A0C91BC942}") = "Problem52_PermutedMultiples", "Problem52_PermutedMultiples\Problem52_PermutedMultiples.vcxproj", "{9B1B1D28-2573-4836-B9A3-2157AE4A2E2D}"
EndProject
Project("{8BC9CEB8-8B4A-11D0-8D11-00A0C91BC942}") = "Problem45_TriPentHexNums", "Problem45_TriPentHexNums\Problem45_TriPentHexNums.vcxproj", "{965F3C75-6238-42E0-B333-3CD7479C7A09}"
EndProject
Project("{8BC9CEB8-8B4A-11D0-8D11-00A0C91BC942}") = "Problem30_DigitFifthPowers", "Problem30_DigitFifthPowers\Problem30_DigitFifthPowers.vcxproj", "{0F218E5B-D4D6-4BCA-8BF9-7058AC5176F0}"
EndProject
Project("{8BC9CEB8-8B4A-11D0-8D11-00A0C91BC942}") = "Problem63_PowerfulDigitCounts", "Problem63_PowerfulDigitCounts\Problem63_PowerfulDigitCounts.vcxproj", "{EA4AF729-623C-4A0A-9705-2422978ED091}"
EndProject
Project("{8BC9CEB8-8B4A-11D0-8D11-00A0C91BC942}") = "Problem61_CyclicFigurateNumbers", "Problem61_CyclicFigurateNumbers\Problem61_CyclicFigurateNumbers.vcxproj", "{487013BE-A74A-49C7-9953-92EDC2D382CC}"
EndProject
Project("{8BC9CEB8-8B4A-11D0-8D11-00A0C91BC942}") = "Problem66_DiophantineEquation", "Problem66_DiophantineEquation\Problem66_DiophantineEquation.vcxproj", "{5660473E-3714-48D3-A6A3-A052739CDEB9}"
EndProject
Global
	GlobalSection(SolutionConfigurationPlatforms) = preSolution
		Debug|x64 = Debug|x64
		Debug|x86 = Debug|x86
		Release|x64 = Release|x64
		Release|x86 = Release|x86
	EndGlobalSection
	GlobalSection(ProjectConfigurationPlatforms) = postSolution
		{7DD36213-B6EC-44C9-A756-BADB30F60893}.Debug|x64.ActiveCfg = Debug|x64
		{7DD36213-B6EC-44C9-A756-BADB30F60893}.Debug|x64.Build.0 = Debug|x64
		{7DD36213-B6EC-44C9-A756-BADB30F60893}.Debug|x86.ActiveCfg = Debug|Win32
		{7DD36213-B6EC-44C9-A756-BADB30F60893}.Debug|x86.Build.0 = Debug|Win32
		{7DD36213-B6EC-44C9-A756-BADB30F60893}.Release|x64.ActiveCfg = Release|x64
		{7DD36213-B6EC-44C9-A756-BADB30F60893}.Release|x64.Build.0 = Release|x64
		{7DD36213-B6EC-44C9-A756-BADB30F60893}.Release|x86.ActiveCfg = Release|Win32
		{7DD36213-B6EC-44C9-A756-BADB30F60893}.Release|x86.Build.0 = Release|Win32
		{AD0E4E69-65CA-4D62-828D-61E57A02004A}.Debug|x64.ActiveCfg = Debug|x64
		{AD0E4E69-65CA-4D62-828D-61E57A02004A}.Debug|x64.Build.0 = Debug|x64
		{AD0E4E69-65CA-4D62-828D-61E57A02004A}.Debug|x86.ActiveCfg = Debug|Win32
		{AD0E4E69-65CA-4D62-828D-61E57A02004A}.Debug|x86.Build.0 = Debug|Win32
		{AD0E4E69-65CA-4D62-828D-61E57A02004A}.Release|x64.ActiveCfg = Release|x64
		{AD0E4E69-65CA-4D62-828D-61E57A02004A}.Release|x64.Build.0 = Release|x64
		{AD0E4E69-65CA-4D62-828D-61E57A02004A}.Release|x86.ActiveCfg = Release|Win32
		{AD0E4E69-65CA-4D62-828D-61E57A02004A}.Release|x86.Build.0 = Release|Win32
		{1296A528-5CB1-4C59-BF82-9B90940ED8B2}.Debug|x64.ActiveCfg = Debug|x64
		{1296A528-5CB1-4C59-BF82-9B90940ED8B2}.Debug|x64.Build.0 = Debug|x64
		{1296A528-5CB1-4C59-BF82-9B90940ED8B2}.Debug|x86.ActiveCfg = Debug|Win32
		{1296A528-5CB1-4C59-BF82-9B90940ED8B2}.Debug|x86.Build.0 = Debug|Win32
		{1296A528-5CB1-4C59-BF82-9B90940ED8B2}.Release|x64.ActiveCfg = Release|x64
		{1296A528-5CB1-4C59-BF82-9B90940ED8B2}.Release|x64.Build.0 = Release|x64
		{1296A528-5CB1-4C59-BF82-9B90940ED8B2}.Release|x86.ActiveCfg = Release|Win32
		{1296A528-5CB1-4C59-BF82-9B90940ED8B2}.Release|x86.Build.0 = Release|Win32
		{C272A7BE-C8B8-414E-9CE3-6DC85EC49984}.Debug|x64.ActiveCfg = Debug|x64
		{C272A7BE-C8B8-414E-9CE3-6DC85EC49984}.Debug|x64.Build.0 = Debug|x64
		{C272A7BE-C8B8-414E-9CE3-6DC85EC49984}.Debug|x86.ActiveCfg = Debug|Win32
		{C272A7BE-C8B8-414E-9CE3-6DC85EC49984}.Debug|x86.Build.0 = Debug|Win32
		{C272A7BE-C8B8-414E-9CE3-6DC85EC49984}.Release|x64.ActiveCfg = Release|x64
		{C272A7BE-C8B8-414E-9CE3-6DC85EC49984}.Release|x64.Build.0 = Release|x64
		{C272A7BE-C8B8-414E-9CE3-6DC85EC49984}.Release|x86.ActiveCfg = Release|Win32
		{C272A7BE-C8B8-414E-9CE3-6DC85EC49984}.Release|x86.Build.0 = Release|Win32
		{A7E9E3F6-8889-442F-B7B6-CC4C0F579B4B}.Debug|x64.ActiveCfg = Debug|x64
		{A7E9E3F6-8889-442F-B7B6-CC4C0F579B4B}.Debug|x64.Build.0 = Debug|x64
		{A7E9E3F6-8889-442F-B7B6-CC4C0F579B4B}.Debug|x86.ActiveCfg = Debug|Win32
		{A7E9E3F6-8889-442F-B7B6-CC4C0F579B4B}.Debug|x86.Build.0 = Debug|Win32
		{A7E9E3F6-8889-442F-B7B6-CC4C0F579B4B}.Release|x64.ActiveCfg = Release|x64
		{A7E9E3F6-8889-442F-B7B6-CC4C0F579B4B}.Release|x64.Build.0 = Release|x64
		{A7E9E3F6-8889-442F-B7B6-CC4C0F579B4B}.Release|x86.ActiveCfg = Release|Win32
		{A7E9E3F6-8889-442F-B7B6-CC4C0F579B4B}.Release|x86.Build.0 = Release|Win32
		{133BE478-9EC8-4A48-8566-6FBCCEAF6F50}.Debug|x64.ActiveCfg = Debug|x64
		{133BE478-9EC8-4A48-8566-6FBCCEAF6F50}.Debug|x64.Build.0 = Debug|x64
		{133BE478-9EC8-4A48-8566-6FBCCEAF6F50}.Debug|x86.ActiveCfg = Debug|Win32
		{133BE478-9EC8-4A48-8566-6FBCCEAF6F50}.Debug|x86.Build.0 = Debug|Win32
		{133BE478-9EC8-4A48-8566-6FBCCEAF6F50}.Release|x64.ActiveCfg = Release|x64
		{133BE478-9EC8-4A48-8566-6FBCCEAF6F50}.Release|x64.Build.0 = Release|x64
		{133BE478-9EC8-4A48-8566-6FBCCEAF6F50}.Release|x86.ActiveCfg = Release|Win32
		{133BE478-9EC8-4A48-8566-6FBCCEAF6F50}.Release|x86.Build.0 = Release|Win32
		{3CB43678-45F5-4BA8-9E6B-952635CDEA86}.Debug|x64.ActiveCfg = Debug|x64
		{3CB43678-45F5-4BA8-9E6B-952635CDEA86}.Debug|x64.Build.0 = Debug|x64
		{3CB43678-45F5-4BA8-9E6B-952635CDEA86}.Debug|x86.ActiveCfg = Debug|Win32
		{3CB43678-45F5-4BA8-9E6B-952635CDEA86}.Debug|x86.Build.0 = Debug|Win32
		{3CB43678-45F5-4BA8-9E6B-952635CDEA86}.Release|x64.ActiveCfg = Release|x64
		{3CB43678-45F5-4BA8-9E6B-952635CDEA86}.Release|x64.Build.0 = Release|x64
		{3CB43678-45F5-4BA8-9E6B-952635CDEA86}.Release|x86.ActiveCfg = Release|Win32
		{3CB43678-45F5-4BA8-9E6B-952635CDEA86}.Release|x86.Build.0 = Release|Win32
		{6583ABF9-15E9-4068-A71A-D65DE48DDE61}.Debug|x64.ActiveCfg = Debug|x64
		{6583ABF9-15E9-4068-A71A-D65DE48DDE61}.Debug|x64.Build.0 = Debug|x64
		{6583ABF9-15E9-4068-A71A-D65DE48DDE61}.Debug|x86.ActiveCfg = Debug|Win32
		{6583ABF9-15E9-4068-A71A-D65DE48DDE61}.Debug|x86.Build.0 = Debug|Win32
		{6583ABF9-15E9-4068-A71A-D65DE48DDE61}.Release|x64.ActiveCfg = Release|x64
		{6583ABF9-15E9-4068-A71A-D65DE48DDE61}.Release|x64.Build.0 = Release|x64
		{6583ABF9-15E9-4068-A71A-D65DE48DDE61}.Release|x86.ActiveCfg = Release|Win32
		{6583ABF9-15E9-4068-A71A-D65DE48DDE61}.Release|x86.Build.0 = Release|Win32
		{22D1219B-A37A-46AF-B8E5-291AE383A935}.Debug|x64.ActiveCfg = Debug|x64
		{22D1219B-A37A-46AF-B8E5-291AE383A935}.Debug|x64.Build.0 = Debug|x64
		{22D1219B-A37A-46AF-B8E5-291AE383A935}.Debug|x86.ActiveCfg = Debug|Win32
		{22D1219B-A37A-46AF-B8E5-291AE383A935}.Debug|x86.Build.0 = Debug|Win32
		{22D1219B-A37A-46AF-B8E5-291AE383A935}.Release|x64.ActiveCfg = Release|x64
		{22D1219B-A37A-46AF-B8E5-291AE383A935}.Release|x64.Build.0 = Release|x64
		{22D1219B-A37A-46AF-B8E5-291AE383A935}.Release|x86.ActiveCfg = Release|Win32
		{22D1219B-A37A-46AF-B8E5-291AE383A935}.Release|x86.Build.0 = Release|Win32
		{0A6DB070-3089-4221-82FE-A015034906E8}.Debug|x64.ActiveCfg = Debug|x64
		{0A6DB070-3089-4221-82FE-A015034906E8}.Debug|x64.Build.0 = Debug|x64
		{0A6DB070-3089-4221-82FE-A015034906E8}.Debug|x86.ActiveCfg = Debug|Win32
		{0A6DB070-3089-4221-82FE-A015034906E8}.Debug|x86.Build.0 = Debug|Win32
		{0A6DB070-3089-4221-82FE-A015034906E8}.Release|x64.ActiveCfg = Release|x64
		{0A6DB070-3089-4221-82FE-A015034906E8}.Release|x64.Build.0 = Release|x64
		{0A6DB070-3089-4221-82FE-A015034906E8}.Release|x86.ActiveCfg = Release|Win32
		{0A6DB070-3089-4221-82FE-A015034906E8}.Release|x86.Build.0 = Release|Win32
		{5FFA0002-8F32-47C3-A467-CEE6058E6A1B}.Debug|x64.ActiveCfg = Debug|x64
		{5FFA0002-8F32-47C3-A467-CEE6058E6A1B}.Debug|x64.Build.0 = Debug|x64
		{5FFA0002-8F32-47C3-A467-CEE6058E6A1B}.Debug|x86.ActiveCfg = Debug|Win32
		{5FFA0002-8F32-47C3-A467-CEE6058E6A1B}.Debug|x86.Build.0 = Debug|Win32
		{5FFA0002-8F32-47C3-A467-CEE6058E6A1B}.Release|x64.ActiveCfg = Release|x64
		{5FFA0002-8F32-47C3-A467-CEE6058E6A1B}.Release|x64.Build.0 = Release|x64
		{5FFA0002-8F32-47C3-A467-CEE6058E6A1B}.Release|x86.ActiveCfg = Release|Win32
		{5FFA0002-8F32-47C3-A467-CEE6058E6A1B}.Release|x86.Build.0 = Release|Win32
		{A925CC0C-0B1C-469B-B17E-B6EB962DD560}.Debug|x64.ActiveCfg = Debug|x64
		{A925CC0C-0B1C-469B-B17E-B6EB962DD560}.Debug|x64.Build.0 = Debug|x64
		{A925CC0C-0B1C-469B-B17E-B6EB962DD560}.Debug|x86.ActiveCfg = Debug|Win32
		{A925CC0C-0B1C-469B-B17E-B6EB962DD560}.Debug|x86.Build.0 = Debug|Win32
		{A925CC0C-0B1C-469B-B17E-B6EB962DD560}.Release|x64.ActiveCfg = Release|x64
		{A925CC0C-0B1C-469B-B17E-B6EB962DD560}.Release|x64.Build.0 = Release|x64
		{A925CC0C-0B1C-469B-B17E-B6EB962DD560}.Release|x86.ActiveCfg = Release|Win32
		{A925CC0C-0B1C-469B-B17E-B6EB962DD560}.Release|x86.Build.0 = Release|Win32
		{1444401E-AE6C-4E5F-A567-D7D677E88624}.Debug|x64.ActiveCfg = Debug|x64
		{1444401E-AE6C-4E5F-A567-D7D677E88624}.Debug|x64.Build.0 = Debug|x64
		{1444401E-AE6C-4E5F-A567-D7D677E88624}.Debug|x86.ActiveCfg = Debug|Win32
		{1444401E-AE6C-4E5F-A567-D7D677E88624}.Debug|x86.Build.0 = Debug|Win32
		{1444401E-AE6C-4E5F-A567-D7D677E88624}.Release|x64.ActiveCfg = Release|x64
		{1444401E-AE6C-4E5F-A567-D7D677E88624}.Release|x64.Build.0 = Release|x64
		{1444401E-AE6C-4E5F-A567-D7D677E88624}.Release|x86.ActiveCfg = Release|Win32
		{1444401E-AE6C-4E5F-A567-D7D677E88624}.Release|x86.Build.0 = Release|Win32
		{3B8D10C9-D5DB-443A-8EF8-634D5C4D351D}.Debug|x64.ActiveCfg = Debug|x64
		{3B8D10C9-D5DB-443A-8EF8-634D5C4D351D}.Debug|x64.Build.0 = Debug|x64
		{3B8D10C9-D5DB-443A-8EF8-634D5C4D351D}.Debug|x86.ActiveCfg = Debug|Win32
		{3B8D10C9-D5DB-443A-8EF8-634D5C4D351D}.Debug|x86.Build.0 = Debug|Win32
		{3B8D10C9-D5DB-443A-8EF8-634D5C4D351D}.Release|x64.ActiveCfg = Release|x64
		{3B8D10C9-D5DB-443A-8EF8-634D5C4D351D}.Release|x64.Build.0 = Release|x64
		{3B8D10C9-D5DB-443A-8EF8-634D5C4D351D}.Release|x86.ActiveCfg = Release|Win32
		{3B8D10C9-D5DB-443A-8EF8-634D5C4D351D}.Release|x86.Build.0 = Release|Win32
		{7D771693-99A8-4EBC-87D8-7DBDC55B7794}.Debug|x64.ActiveCfg = Debug|x64
		{7D771693-99A8-4EBC-87D8-7DBDC55B7794}.Debug|x64.Build.0 = Debug|x64
		{7D771693-99A8-4EBC-87D8-7DBDC55B7794}.Debug|x86.ActiveCfg = Debug|Win32
		{7D771693-99A8-4EBC-87D8-7DBDC55B7794}.Debug|x86.Build.0 = Debug|Win32
		{7D771693-99A8-4EBC-87D8-7DBDC55B7794}.Release|x64.ActiveCfg = Release|x64
		{7D771693-99A8-4EBC-87D8-7DBDC55B7794}.Release|x64.Build.0 = Release|x64
		{7D771693-99A8-4EBC-87D8-7DBDC55B7794}.Release|x86.ActiveCfg = Release|Win32
		{7D771693-99A8-4EBC-87D8-7DBDC55B7794}.Release|x86.Build.0 = Release|Win32
		{0347F7A9-4113-496C-9D6E-406699126D70}.Debug|x64.ActiveCfg = Debug|x64
		{0347F7A9-4113-496C-9D6E-406699126D70}.Debug|x64.Build.0 = Debug|x64
		{0347F7A9-4113-496C-9D6E-406699126D70}.Debug|x86.ActiveCfg = Debug|Win32
		{0347F7A9-4113-496C-9D6E-406699126D70}.Debug|x86.Build.0 = Debug|Win32
		{0347F7A9-4113-496C-9D6E-406699126D70}.Release|x64.ActiveCfg = Release|x64
		{0347F7A9-4113-496C-9D6E-406699126D70}.Release|x64.Build.0 = Release|x64
		{0347F7A9-4113-496C-9D6E-406699126D70}.Release|x86.ActiveCfg = Release|Win32
		{0347F7A9-4113-496C-9D6E-406699126D70}.Release|x86.Build.0 = Release|Win32
		{170DD054-DD4D-47CD-A72E-BC30E5FC9F43}.Debug|x64.ActiveCfg = Debug|x64
		{170DD054-DD4D-47CD-A72E-BC30E5FC9F43}.Debug|x64.Build.0 = Debug|x64
		{170DD054-DD4D-47CD-A72E-BC30E5FC9F43}.Debug|x86.ActiveCfg = Debug|Win32
		{170DD054-DD4D-47CD-A72E-BC30E5FC9F43}.Debug|x86.Build.0 = Debug|Win32
		{170DD054-DD4D-47CD-A72E-BC30E5FC9F43}.Release|x64.ActiveCfg = Release|x64
		{170DD054-DD4D-47CD-A72E-BC30E5FC9F43}.Release|x64.Build.0 = Release|x64
		{170DD054-DD4D-47CD-A72E-BC30E5FC9F43}.Release|x86.ActiveCfg = Release|Win32
		{170DD054-DD4D-47CD-A72E-BC30E5FC9F43}.Release|x86.Build.0 = Release|Win32
		{9B1B1D28-2573-4836-B9A3-2157AE4A2E2D}.Debug|x64.ActiveCfg = Debug|x64
		{9B1B1D28-2573-4836-B9A3-2157AE4A2E2D}.Debug|x64.Build.0 = Debug|x64
		{9B1B1D28-2573-4836-B9A3-2157AE4A2E2D}.Debug|x86.ActiveCfg = Debug|Win32
		{9B1B1D28-2573-4836-B9A3-2157AE4A2E2D}.Debug|x86.Build.0 = Debug|Win32
		{9B1B1D28-2573-4836-B9A3-2157AE4A2E2D}.Release|x64.ActiveCfg = Release|x64
		{9B1B1D28-2573-4836-B9A3-2157AE4A2E2D}.Release|x64.Build.0 = Release|x64
		{9B1B1D28-2573-4836-B9A3-2157AE4A2E2D}.Release|x86.ActiveCfg = Release|Win32
		{9B1B1D28-2573-4836-B9A3-2157AE4A2E2D}.Release|x86.Build.0 = Release|Win32
		{965F3C75-6238-42E0-B333-3CD7479C7A09}.Debug|x64.ActiveCfg = Debug|x64
		{965F3C75-6238-42E0-B333-3CD7479C7A09}.Debug|x64.Build.0 = Debug|x64
		{965F3C75-6238-42E0-B333-3CD7479C7A09}.Debug|x86.ActiveCfg = Debug|Win32
		{965F3C75-6238-42E0-B333-3CD7479C7A09}.Debug|x86.Build.0 = Debug|Win32
		{965F3C75-6238-42E0-B333-3CD7479C7A09}.Release|x64.ActiveCfg = Release|x64
		{965F3C75-6238-42E0-B333-3CD7479C7A09}.Release|x64.Build.0 = Release|x64
		{965F3C75-6238-42E0-B333-3CD7479C7A09}.Release|x86.ActiveCfg = Release|Win32
		{965F3C75-6238-42E0-B333-3CD7479C7A09}.Release|x86.Build.0 = Release|Win32
		{0F218E5B-D4D6-4BCA-8BF9-7058AC5176F0}.Debug|x64.ActiveCfg = Debug|x64
		{0F218E5B-D4D6-4BCA-8BF9-7058AC5176F0}.Debug|x64.Build.0 = Debug|x64
		{0F218E5B-D4D6-4BCA-8BF9-7058AC5176F0}.Debug|x86.ActiveCfg = Debug|Win32
		{0F218E5B-D4D6-4BCA-8BF9-7058AC5176F0}.Debug|x86.Build.0 = Debug|Win32
		{0F218E5B-D4D6-4BCA-8BF9-7058AC5176F0}.Release|x64.ActiveCfg = Release|x64
		{0F218E5B-D4D6-4BCA-8BF9-7058AC5176F0}.Release|x64.Build.0 = Release|x64
		{0F218E5B-D4D6-4BCA-8BF9-7058AC5176F0}.Release|x86.ActiveCfg = Release|Win32
		{0F218E5B-D4D6-4BCA-8BF9-7058AC5176F0}.Release|x86.Build.0 = Release|Win32
		{EA4AF729-623C-4A0A-9705-2422978ED091}.Debug|x64.ActiveCfg = Debug|x64
		{EA4AF729-623C-4A0A-9705-2422978ED091}.Debug|x64.Build.0 = Debug|x64
		{EA4AF729-623C-4A0A-9705-2422978ED091}.Debug|x86.ActiveCfg = Debug|Win32
		{EA4AF729-623C-4A0A-9705-2422978ED091}.Debug|x86.Build.0 = Debug|Win32
		{EA4AF729-623C-4A0A-9705-2422978ED091}.Release|x64.ActiveCfg = Release|x64
		{EA4AF729-623C-4A0A-9705-2422978ED091}.Release|x64.Build.0 = Release|x64
		{EA4AF729-623C-4A0A-9705-2422978ED091}.Release|x86.ActiveCfg = Release|Win32
		{EA4AF729-623C-4A0A-9705-2422978ED091}.Release|x86.Build.0 = Release|Win32
		{487013BE-A74A-49C7-9953-92EDC2D382CC}.Debug|x64.ActiveCfg = Debug|x64
		{487013BE-A74A-49C7-9953-92EDC2D382CC}.Debug|x64.Build.0 = Debug|x64
		{487013BE-A74A-49C7-9953-92EDC2D382CC}.Debug|x86.ActiveCfg = Debug|Win32
		{487013BE-A74A-49C7-9953-92EDC2D382CC}.Debug|x86.Build.0 = Debug|Win32
		{487013BE-A74A-49C7-9953-92EDC2D382CC}.Release|x64.ActiveCfg = Release|x64
		{487013BE-A74A-49C7-9953-92EDC2D382CC}.Release|x64.Build.0 = Release|x64
		{487013BE-A74A-49C7-9953-92EDC2D382CC}.Release|x86.ActiveCfg = Release|Win32
		{487013BE-A74A-49C7-9953-92EDC2D382CC}.Release|x86.Build.0 = Release|Win32
		{5660473E-3714-48D3-A6A3-A052739CDEB9}.Debug|x64.ActiveCfg = Debug|x64
		{5660473E-3714-48D3-A6A3-A052739CDEB9}.Debug|x64.Build.0 = Debug|x64
		{5660473E-3714-48D3-A6A3-A052739CDEB9}.Debug|x86.ActiveCfg = Debug|Win32
		{5660473E-3714-48D3-A6A3-A052739CDEB9}.Debug|x86.Build.0 = Debug|Win32
		{5660473E-3714-48D3-A6A3-A052739CDEB9}.Release|x64.ActiveCfg = Release|x64
		{5660473E-3714-48D3-A6A3-A052739CDEB9}.Release|x64.Build.0 = Release|x64
		{5660473E-3714-48D3-A6A3-A052739CDEB9}.Release|x86.ActiveCfg = Release|Win32
		{5660473E-3714-48D3-A6A3-A052739CDEB9}.Release|x86.Build.0 = Release|Win32
	EndGlobalSection
	GlobalSection(SolutionProperties) = preSolution
		HideSolutionNode = FALSE
	EndGlobalSection
	GlobalSection(ExtensibilityGlobals) = postSolution
		SolutionGuid = {18E22C26-C163-4848-8AAE-1BBFF6A20558}
	EndGlobalSection
EndGlobal
